hash: e65ab00dd94a3c03d0668c842817157e3300e664bc2005a4dba8ac7b718aa057
updated: 2016-11-07T20:28:00.059148488+01:00
imports:
- name: github.com/frozzare/go-util
  version: f987f07c615eefb1256ca6264a943a19d61b5e7a
  subpackages:
  - httputil
  - pathutil
  - sliceutil
- name: github.com/jdiez17/go-pushover
  version: c6d58816fcbf0d1d7ccc9a99bdb98bb225f0f202
- name: github.com/kardianos/osext
  version: c2c54e542fb797ad986b31721e1baedf214ca413
testImports: []
